<?xml version="1.0" encoding="utf-8"?>
<Project ToolsVersion="4.0" xmlns="http://schemas.microsoft.com/developer/msbuild/2003">
  <ItemGroup>
    <Filter Include="Source Files">
      <UniqueIdentifier>{4FC737F1-C7A5-4376-A066-2A32D752A2FF}</UniqueIdentifier>
      <Extensions>cpp;c;cc;cxx;def;odl;idl;hpj;bat;asm;asmx</Extensions>
    </Filter>
    <Filter Include="Header Files">
      <UniqueIdentifier>{93995380-89BD-4b04-88EB-625FBE52EBFB}</UniqueIdentifier>
      <Extensions>h;hh;hpp;hxx;hm;inl;inc;ipp;xsd</Extensions>
    </Filter>
    <Filter Include="Resource Files">
      <UniqueIdentifier>{67DA6AB6-F800-4c08-8B7A-83BB121AAD01}</UniqueIdentifier>
      <Extensions>rc;ico;cur;bmp;dlg;rc2;rct;bin;rgs;gif;jpg;jpeg;jpe;resx;tiff;tif;png;wav;mfcribbon-ms</Extensions>
    </Filter>
  </ItemGroup>
  <ItemGroup>
    <ClInclude Include="stdafx.h">
      <Filter>Header Files</Filter>
    </ClInclude>
    <ClInclude Include="targetver.h">
      <Filter>Header Files</Filter>
    </ClInclude>
    <ClInclude Include="Include\abhelp.h">
      <Filter>Header Files</Filter>
    </ClInclude>
    <ClInclude Include="Include\EdkGuid.h">
      <Filter>Header Files</Filter>
    </ClInclude>
    <ClInclude Include="Include\EdkMdb.h">
      <Filter>Header Files</Filter>
    </ClInclude>
    <ClInclude Include="Include\EMSABTAG.H">
      <Filter>Header Files</Filter>
    </ClInclude>
    <ClInclude Include="Include\ExchForm.h">
      <Filter>Header Files</Filter>
    </ClInclude>
    <ClInclude Include="Include\IMessage.h">
      <Filter>Header Files</Filter>
    </ClInclude>
    <ClInclude Include="Include\MAPI.h">
      <Filter>Header Files</Filter>
    </ClInclude>
    <ClInclude Include="Include\MAPIAux.h">
      <Filter>Header Files</Filter>
    </ClInclude>
    <ClInclude Include="Include\MAPICode.h">
      <Filter>Header Files</Filter>
    </ClInclude>
    <ClInclude Include="Include\MAPIDbg.h">
      <Filter>Header Files</Filter>
    </ClInclude>
    <ClInclude Include="Include\MAPIDefS.h">
      <Filter>Header Files</Filter>
    </ClInclude>
    <ClInclude Include="Include\MAPIForm.h">
      <Filter>Header Files</Filter>
    </ClInclude>
    <ClInclude Include="Include\MAPIGuid.h">
      <Filter>Header Files</Filter>
    </ClInclude>
    <ClInclude Include="Include\MAPIHook.h">
      <Filter>Header Files</Filter>
    </ClInclude>
    <ClInclude Include="Include\MAPINls.h">
      <Filter>Header Files</Filter>
    </ClInclude>
    <ClInclude Include="Include\MAPIOID.h">
      <Filter>Header Files</Filter>
    </ClInclude>
    <ClInclude Include="Include\MAPISPI.h">
      <Filter>Header Files</Filter>
    </ClInclude>
    <ClInclude Include="Include\MAPITags.h">
      <Filter>Header Files</Filter>
    </ClInclude>
    <ClInclude Include="Include\MAPIUtil.h">
      <Filter>Header Files</Filter>
    </ClInclude>
    <ClInclude Include="Include\MAPIVal.h">
      <Filter>Header Files</Filter>
    </ClInclude>
    <ClInclude Include="Include\MAPIWin.h">
      <Filter>Header Files</Filter>
    </ClInclude>
    <ClInclude Include="Include\MAPIWz.h">
      <Filter>Header Files</Filter>
    </ClInclude>
    <ClInclude Include="Include\MAPIX.h">
      <Filter>Header Files</Filter>
    </ClInclude>
    <ClInclude Include="Include\mimeole.h">
      <Filter>Header Files</Filter>
    </ClInclude>
    <ClInclude Include="Include\MSPST.h">
      <Filter>Header Files</Filter>
    </ClInclude>
  </ItemGroup>
  <ItemGroup>
    <ClCompile Include="stdafx.cpp">
      <Filter>Source Files</Filter>
    </ClCompile>
    <ClCompile Include="FixContab.cpp">
      <Filter>Source Files</Filter>
    </ClCompile>
    <ClCompile Include="MapiStubLibrary.cpp">
      <Filter>Source Files</Filter>
    </ClCompile>
    <ClCompile Include="StubUtils.cpp">
      <Filter>Source Files</Filter>
    </ClCompile>
  </ItemGroup>
</Project>